{
  "version": 4,
  "terraform_version": "1.12.6",
  "serial": 4,
  "lineage": "a70f1bd4-94b0-8359-5830-36a8c4cde9af",
  "outputs": {
    "github_actions_apply_role_arns": {
      "value": {
        "production": "arn:aws:iam::590183653510:role/django-commons-github-actions-apply",
        "test": "arn:aws:iam::590183653510:role/django-commons-test-github-actions-apply"
      },
      "type": [
        "object",
        {
          "production": "string",
          "test": "string"
        }
      ]
    },
    "github_actions_plan_role_arns": {
      "value": {
        "production": "arn:aws:iam::590183653510:role/django-commons-github-actions-plan",
        "test": "arn:aws:iam::590183653510:role/django-commons-test-github-actions-plan"
      },
      "type": [
        "object",
        {
          "production": "string",
          "test": "string"
        }
      ]
    },
    "sso_start_url": {
      "value": "https://d-9066764f0e.awsapps.com/start",
      "type": "string"
    },
    "state_bucket_name": {
      "value": "django-commons-tofu-state",
      "type": "string"
    },
    "state_lock_table_name": {
      "value": "django-commons-tofu-state-lock",
      "type": "string"
    }
  },
  "resources": [
    {
      "mode": "data",
      "type": "aws_caller_identity",
      "name": "current",
      "provider": "provider[\"registry.opentofu.org/hashicorp/aws\"]",
      "instances": [
        {
          "schema_version": 0,
          "attributes": {
            "account_id": "590183653510",
            "arn": "arn:aws:iam::590183653510:user/daniel-cli",
            "id": "590183653510",
            "user_id": "AIDAYS2NP4CDJ7OYFHOQ3"
          },
          "sensitive_attributes": []
        }
      ]
    },
    {
      "mode": "data",
      "type": "aws_iam_policy_document",
      "name": "github_actions_apply_assume_role",
      "provider": "provider[\"registry.opentofu.org/hashicorp/aws\"]",
      "instances": [
        {
          "index_key": "production",
          "schema_version": 0,
          "attributes": {
            "id": "1441825953",
            "json": "{\n  \"Version\": \"2012-10-17\",\n  \"Statement\": [\n    {\n      \"Effect\": \"Allow\",\n      \"Action\": \"sts:AssumeRoleWithWebIdentity\",\n      \"Principal\": {\n        \"Federated\": \"arn:aws:iam::590183653510:oidc-provider/token.actions.githubusercontent.com\"\n      },\n      \"Condition\": {\n        \"StringEquals\": {\n          \"token.actions.githubusercontent.com:aud\": \"sts.amazonaws.com\",\n          \"token.actions.githubusercontent.com:ref\": \"refs/heads/main\",\n          \"token.actions.githubusercontent.com:sub\": \"repo:django-commons/membership:environment:production\"\n        }\n      }\n    }\n  ]\n}",
            "minified_json": "{\"Version\":\"2012-10-17\",\"Statement\":[{\"Effect\":\"Allow\",\"Action\":\"sts:AssumeRoleWithWebIdentity\",\"Principal\":{\"Federated\":\"arn:aws:iam::590183653510:oidc-provider/token.actions.githubusercontent.com\"},\"Condition\":{\"StringEquals\":{\"token.actions.githubusercontent.com:aud\":\"sts.amazonaws.com\",\"token.actions.githubusercontent.com:ref\":\"refs/heads/main\",\"token.actions.githubusercontent.com:sub\":\"repo:django-commons/membership:environment:production\"}}}]}",
            "override_json": null,
            "override_policy_documents": null,
            "policy_id": null,
            "source_json": null,
            "source_policy_documents": null,
            "statement": [
              {
                "actions": [
                  "sts:AssumeRoleWithWebIdentity"
                ],
                "condition": [
                  {
                    "test": "StringEquals",
                    "values": [
                      "refs/heads/main"
                    ],
                    "variable": "token.actions.githubusercontent.com:ref"
                  },
                  {
                    "test": "StringEquals",
                    "values": [
                      "repo:django-commons/membership:environment:production"
                    ],
                    "variable": "token.actions.githubusercontent.com:sub"
                  },
                  {
                    "test": "StringEquals",
                    "values": [
                      "sts.amazonaws.com"
                    ],
                    "variable": "token.actions.githubusercontent.com:aud"
                  }
                ],
                "effect": "Allow",
                "not_actions": [],
                "not_principals": [],
                "not_resources": [],
                "principals": [
                  {
                    "identifiers": [
                      "arn:aws:iam::590183653510:oidc-provider/token.actions.githubusercontent.com"
                    ],
                    "type": "Federated"
                  }
                ],
                "resources": [],
                "sid": ""
              }
            ],
            "version": "2012-10-17"
          },
          "sensitive_attributes": []
        },
        {
          "index_key": "test",
          "schema_version": 0,
          "attributes": {
            "id": "418884345",
            "json": "{\n  \"Version\": \"2012-10-17\",\n  \"Statement\": [\n    {\n      \"Effect\": \"Allow\",\n      \"Action\": \"sts:AssumeRoleWithWebIdentity\",\n      \"Principal\": {\n        \"Federated\": \"arn:aws:iam::590183653510:oidc-provider/token.actions.githubusercontent.com\"\n      },\n      \"Condition\": {\n        \"StringEquals\": {\n          \"token.actions.githubusercontent.com:aud\": \"sts.amazonaws.com\",\n          \"token.actions.githubusercontent.com:ref\": \"refs/heads/main\",\n          \"token.actions.githubusercontent.com:sub\": \"repo:django-commons-test/membership:environment:production\"\n        }\n      }\n    }\n  ]\n}",
            "minified_json": "{\"Version\":\"2012-10-17\",\"Statement\":[{\"Effect\":\"Allow\",\"Action\":\"sts:AssumeRoleWithWebIdentity\",\"Principal\":{\"Federated\":\"arn:aws:iam::590183653510:oidc-provider/token.actions.githubusercontent.com\"},\"Condition\":{\"StringEquals\":{\"token.actions.githubusercontent.com:aud\":\"sts.amazonaws.com\",\"token.actions.githubusercontent.com:ref\":\"refs/heads/main\",\"token.actions.githubusercontent.com:sub\":\"repo:django-commons-test/membership:environment:production\"}}}]}",
            "override_json": null,
            "override_policy_documents": null,
            "policy_id": null,
            "source_json": null,
            "source_policy_documents": null,
            "statement": [
              {
                "actions": [
                  "sts:AssumeRoleWithWebIdentity"
                ],
                "condition": [
                  {
                    "test": "StringEquals",
                    "values": [
                      "refs/heads/main"
                    ],
                    "variable": "token.actions.githubusercontent.com:ref"
                  },
                  {
                    "test": "StringEquals",
                    "values": [
                      "repo:django-commons-test/membership:environment:production"
                    ],
                    "variable": "token.actions.githubusercontent.com:sub"
                  },
                  {
                    "test": "StringEquals",
                    "values": [
                      "sts.amazonaws.com"
                    ],
                    "variable": "token.actions.githubusercontent.com:aud"
                  }
                ],
                "effect": "Allow",
                "not_actions": [],
                "not_principals": [],
                "not_resources": [],
                "principals": [
                  {
                    "identifiers": [
                      "arn:aws:iam::590183653510:oidc-provider/token.actions.githubusercontent.com"
                    ],
                    "type": "Federated"
                  }
                ],
                "resources": [],
                "sid": ""
              }
            ],
            "version": "2012-10-17"
          },
          "sensitive_attributes": []
        }
      ]
    },
    {
      "mode": "data",
      "type": "aws_iam_policy_document",
      "name": "github_actions_plan_assume_role",
      "provider": "provider[\"registry.opentofu.org/hashicorp/aws\"]",
      "instances": [
        {
          "index_key": "production",
          "schema_version": 0,
          "attributes": {
            "id": "1010418232",
            "json": "{\n  \"Version\": \"2012-10-17\",\n  \"Statement\": [\n    {\n      \"Effect\": \"Allow\",\n      \"Action\": \"sts:AssumeRoleWithWebIdentity\",\n      \"Principal\": {\n        \"Federated\": \"arn:aws:iam::590183653510:oidc-provider/token.actions.githubusercontent.com\"\n      },\n      \"Condition\": {\n        \"StringEquals\": {\n          \"token.actions.githubusercontent.com:aud\": \"sts.amazonaws.com\",\n          \"token.actions.githubusercontent.com:sub\": \"repo:django-commons/membership:environment:production\"\n        }\n      }\n    }\n  ]\n}",
            "minified_json": "{\"Version\":\"2012-10-17\",\"Statement\":[{\"Effect\":\"Allow\",\"Action\":\"sts:AssumeRoleWithWebIdentity\",\"Principal\":{\"Federated\":\"arn:aws:iam::590183653510:oidc-provider/token.actions.githubusercontent.com\"},\"Condition\":{\"StringEquals\":{\"token.actions.githubusercontent.com:aud\":\"sts.amazonaws.com\",\"token.actions.githubusercontent.com:sub\":\"repo:django-commons/membership:environment:production\"}}}]}",
            "override_json": null,
            "override_policy_documents": null,
            "policy_id": null,
            "source_json": null,
            "source_policy_documents": null,
            "statement": [
              {
                "actions": [
                  "sts:AssumeRoleWithWebIdentity"
                ],
                "condition": [
                  {
                    "test": "StringEquals",
                    "values": [
                      "repo:django-commons/membership:environment:production"
                    ],
                    "variable": "token.actions.githubusercontent.com:sub"
                  },
                  {
                    "test": "StringEquals",
                    "values": [
                      "sts.amazonaws.com"
                    ],
                    "variable": "token.actions.githubusercontent.com:aud"
                  }
                ],
                "effect": "Allow",
                "not_actions": [],
                "not_principals": [],
                "not_resources": [],
                "principals": [
                  {
                    "identifiers": [
                      "arn:aws:iam::590183653510:oidc-provider/token.actions.githubusercontent.com"
                    ],
                    "type": "Federated"
                  }
                ],
                "resources": [],
                "sid": ""
              }
            ],
            "version": "2012-10-17"
          },
          "sensitive_attributes": []
        },
        {
          "index_key": "test",
          "schema_version": 0,
          "attributes": {
            "id": "1356830040",
            "json": "{\n  \"Version\": \"2012-10-17\",\n  \"Statement\": [\n    {\n      \"Effect\": \"Allow\",\n      \"Action\": \"sts:AssumeRoleWithWebIdentity\",\n      \"Principal\": {\n        \"Federated\": \"arn:aws:iam::590183653510:oidc-provider/token.actions.githubusercontent.com\"\n      },\n      \"Condition\": {\n        \"StringEquals\": {\n          \"token.actions.githubusercontent.com:aud\": \"sts.amazonaws.com\",\n          \"token.actions.githubusercontent.com:sub\": \"repo:django-commons-test/membership:environment:production\"\n        }\n      }\n    }\n  ]\n}",
            "minified_json": "{\"Version\":\"2012-10-17\",\"Statement\":[{\"Effect\":\"Allow\",\"Action\":\"sts:AssumeRoleWithWebIdentity\",\"Principal\":{\"Federated\":\"arn:aws:iam::590183653510:oidc-provider/token.actions.githubusercontent.com\"},\"Condition\":{\"StringEquals\":{\"token.actions.githubusercontent.com:aud\":\"sts.amazonaws.com\",\"token.actions.githubusercontent.com:sub\":\"repo:django-commons-test/membership:environment:production\"}}}]}",
            "override_json": null,
            "override_policy_documents": null,
            "policy_id": null,
            "source_json": null,
            "source_policy_documents": null,
            "statement": [
              {
                "actions": [
                  "sts:AssumeRoleWithWebIdentity"
                ],
                "condition": [
                  {
                    "test": "StringEquals",
                    "values": [
                      "repo:django-commons-test/membership:environment:production"
                    ],
                    "variable": "token.actions.githubusercontent.com:sub"
                  },
                  {
                    "test": "StringEquals",
                    "values": [
                      "sts.amazonaws.com"
                    ],
                    "variable": "token.actions.githubusercontent.com:aud"
                  }
                ],
                "effect": "Allow",
                "not_actions": [],
                "not_principals": [],
                "not_resources": [],
                "principals": [
                  {
                    "identifiers": [
                      "arn:aws:iam::590183653510:oidc-provider/token.actions.githubusercontent.com"
                    ],
                    "type": "Federated"
                  }
                ],
                "resources": [],
                "sid": ""
              }
            ],
            "version": "2012-10-17"
          },
          "sensitive_attributes": []
        }
      ]
    },
    {
      "mode": "data",
      "type": "aws_iam_policy_document",
      "name": "terraform_state_access",
      "provider": "provider[\"registry.opentofu.org/hashicorp/aws\"]",
      "instances": [
        {
          "schema_version": 0,
          "attributes": {
            "id": "2093414848",
            "json": "{\n  \"Version\": \"2012-10-17\",\n  \"Statement\": [\n    {\n      \"Effect\": \"Allow\",\n      \"Action\": [\n        \"s3:PutObject\",\n        \"s3:GetObject\",\n        \"s3:DeleteObject\"\n      ],\n      \"Resource\": \"arn:aws:s3:::django-commons-tofu-state/*\"\n    },\n    {\n      \"Effect\": \"Allow\",\n      \"Action\": \"s3:ListBucket\",\n      \"Resource\": \"arn:aws:s3:::django-commons-tofu-state\"\n    },\n    {\n      \"Effect\": \"Allow\",\n      \"Action\": [\n        \"dynamodb:PutItem\",\n        \"dynamodb:GetItem\",\n        \"dynamodb:DescribeTable\",\n        \"dynamodb:DeleteItem\"\n      ],\n      \"Resource\": \"arn:aws:dynamodb:us-east-1:590183653510:table/django-commons-tofu-state-lock\"\n    }\n  ]\n}",
            "minified_json": "{\"Version\":\"2012-10-17\",\"Statement\":[{\"Effect\":\"Allow\",\"Action\":[\"s3:PutObject\",\"s3:GetObject\",\"s3:DeleteObject\"],\"Resource\":\"arn:aws:s3:::django-commons-tofu-state/*\"},{\"Effect\":\"Allow\",\"Action\":\"s3:ListBucket\",\"Resource\":\"arn:aws:s3:::django-commons-tofu-state\"},{\"Effect\":\"Allow\",\"Action\":[\"dynamodb:PutItem\",\"dynamodb:GetItem\",\"dynamodb:DescribeTable\",\"dynamodb:DeleteItem\"],\"Resource\":\"arn:aws:dynamodb:us-east-1:590183653510:table/django-commons-tofu-state-lock\"}]}",
            "override_json": null,
            "override_policy_documents": null,
            "policy_id": null,
            "source_json": null,
            "source_policy_documents": null,
            "statement": [
              {
                "actions": [
                  "s3:DeleteObject",
                  "s3:GetObject",
                  "s3:PutObject"
                ],
                "condition": [],
                "effect": "Allow",
                "not_actions": [],
                "not_principals": [],
                "not_resources": [],
                "principals": [],
                "resources": [
                  "arn:aws:s3:::django-commons-tofu-state/*"
                ],
                "sid": ""
              },
              {
                "actions": [
                  "s3:ListBucket"
                ],
                "condition": [],
                "effect": "Allow",
                "not_actions": [],
                "not_principals": [],
                "not_resources": [],
                "principals": [],
                "resources": [
                  "arn:aws:s3:::django-commons-tofu-state"
                ],
                "sid": ""
              },
              {
                "actions": [
                  "dynamodb:DeleteItem",
                  "dynamodb:DescribeTable",
                  "dynamodb:GetItem",
                  "dynamodb:PutItem"
                ],
                "condition": [],
                "effect": "Allow",
                "not_actions": [],
                "not_principals": [],
                "not_resources": [],
                "principals": [],
                "resources": [
                  "arn:aws:dynamodb:us-east-1:590183653510:table/django-commons-tofu-state-lock"
                ],
                "sid": ""
              }
            ],
            "version": "2012-10-17"
          },
          "sensitive_attributes": []
        }
      ]
    },
    {
      "mode": "data",
      "type": "aws_iam_policy_document",
      "name": "terraform_state_read",
      "provider": "provider[\"registry.opentofu.org/hashicorp/aws\"]",
      "instances": [
        {
          "schema_version": 0,
          "attributes": {
            "id": "4192299257",
            "json": "{\n  \"Version\": \"2012-10-17\",\n  \"Statement\": [\n    {\n      \"Effect\": \"Allow\",\n      \"Action\": \"s3:GetObject\",\n      \"Resource\": \"arn:aws:s3:::django-commons-tofu-state/*\"\n    },\n    {\n      \"Effect\": \"Allow\",\n      \"Action\": \"s3:ListBucket\",\n      \"Resource\": \"arn:aws:s3:::django-commons-tofu-state\"\n    },\n    {\n      \"Effect\": \"Allow\",\n      \"Action\": [\n        \"dynamodb:PutItem\",\n        \"dynamodb:GetItem\",\n        \"dynamodb:DescribeTable\",\n        \"dynamodb:DeleteItem\"\n      ],\n      \"Resource\": \"arn:aws:dynamodb:us-east-1:590183653510:table/django-commons-tofu-state-lock\"\n    }\n  ]\n}",
            "minified_json": "{\"Version\":\"2012-10-17\",\"Statement\":[{\"Effect\":\"Allow\",\"Action\":\"s3:GetObject\",\"Resource\":\"arn:aws:s3:::django-commons-tofu-state/*\"},{\"Effect\":\"Allow\",\"Action\":\"s3:ListBucket\",\"Resource\":\"arn:aws:s3:::django-commons-tofu-state\"},{\"Effect\":\"Allow\",\"Action\":[\"dynamodb:PutItem\",\"dynamodb:GetItem\",\"dynamodb:DescribeTable\",\"dynamodb:DeleteItem\"],\"Resource\":\"arn:aws:dynamodb:us-east-1:590183653510:table/django-commons-tofu-state-lock\"}]}",
            "override_json": null,
            "override_policy_documents": null,
            "policy_id": null,
            "source_json": null,
            "source_policy_documents": null,
            "statement": [
              {
                "actions": [
                  "s3:GetObject"
                ],
                "condition": [],
                "effect": "Allow",
                "not_actions": [],
                "not_principals": [],
                "not_resources": [],
                "principals": [],
                "resources": [
                  "arn:aws:s3:::django-commons-tofu-state/*"
                ],
                "sid": ""
              },
              {
                "actions": [
                  "s3:ListBucket"
                ],
                "condition": [],
                "effect": "Allow",
                "not_actions": [],
                "not_principals": [],
                "not_resources": [],
                "principals": [],
                "resources": [
                  "arn:aws:s3:::django-commons-tofu-state"
                ],
                "sid": ""
              },
              {
                "actions": [
                  "dynamodb:DeleteItem",
                  "dynamodb:DescribeTable",
                  "dynamodb:GetItem",
                  "dynamodb:PutItem"
                ],
                "condition": [],
                "effect": "Allow",
                "not_actions": [],
                "not_principals": [],
                "not_resources": [],
                "principals": [],
                "resources": [
                  "arn:aws:dynamodb:us-east-1:590183653510:table/django-commons-tofu-state-lock"
                ],
                "sid": ""
              }
            ],
            "version": "2012-10-17"
          },
          "sensitive_attributes": []
        }
      ]
    },
    {
      "mode": "data",
      "type": "aws_ssoadmin_instances",
      "name": "this",
      "provider": "provider[\"registry.opentofu.org/hashicorp/aws\"]",
      "instances": [
        {
          "schema_version": 0,
          "attributes": {
            "arns": [
              "arn:aws:sso:::instance/ssoins-72231372e4d615dc"
            ],
            "id": "us-east-1",
            "identity_store_ids": [
              "d-9066764f0e"
            ]
          },
          "sensitive_attributes": []
        }
      ]
    },
    {
      "mode": "managed",
      "type": "aws_dynamodb_table",
      "name": "terraform_state_lock",
      "provider": "provider[\"registry.opentofu.org/hashicorp/aws\"]",
      "instances": [
        {
          "schema_version": 1,
          "attributes": {
            "arn": "arn:aws:dynamodb:us-east-1:590183653510:table/django-commons-tofu-state-lock",
            "attribute": [
              {
                "name": "LockID",
                "type": "S"
              }
            ],
            "billing_mode": "PAY_PER_REQUEST",
            "deletion_protection_enabled": false,
            "global_secondary_index": [],
            "hash_key": "LockID",
            "id": "django-commons-tofu-state-lock",
            "import_table": [],
            "local_secondary_index": [],
            "name": "django-commons-tofu-state-lock",
            "on_demand_throughput": [],
            "point_in_time_recovery": [
              {
                "enabled": false,
                "recovery_period_in_days": 0
              }
            ],
            "range_key": null,
            "read_capacity": 0,
            "replica": [],
            "restore_date_time": null,
            "restore_source_name": null,
            "restore_source_table_arn": null,
            "restore_to_latest_time": null,
            "server_side_encryption": [],
            "stream_arn": "",
            "stream_enabled": false,
            "stream_label": "",
            "stream_view_type": "",
            "table_class": "STANDARD",
            "tags": null,
            "tags_all": {},
            "timeouts": null,
            "ttl": [
              {
                "attribute_name": "",
                "enabled": false
              }
            ],
            "write_capacity": 0
          },
          "sensitive_attributes": [],
          "private": "eyJlMmJmYjczMC1lY2FhLTExZTYtOGY4OC0zNDM2M2JjN2M0YzAiOnsiY3JlYXRlIjoxODAwMDAwMDAwMDAwLCJkZWxldGUiOjYwMDAwMDAwMDAwMCwidXBkYXRlIjozNjAwMDAwMDAwMDAwfSwic2NoZW1hX3ZlcnNpb24iOiIxIn0="
        }
      ]
    },
    {
      "mode": "managed",
      "type": "aws_iam_openid_connect_provider",
      "name": "github_actions",
      "provider": "provider[\"registry.opentofu.org/hashicorp/aws\"]",
      "instances": [
        {
          "schema_version": 0,
          "attributes": {
            "arn": "arn:aws:iam::590183653510:oidc-provider/token.actions.githubusercontent.com",
            "client_id_list": [
              "sts.amazonaws.com"
            ],
            "id": "arn:aws:iam::590183653510:oidc-provider/token.actions.githubusercontent.com",
            "tags": {},
            "tags_all": {},
            "thumbprint_list": [
              "6938fd4d98bab03faadb97b34396831e3780aea1"
            ],
            "url": "token.actions.githubusercontent.com"
          },
          "sensitive_attributes": [],
          "private": "bnVsbA=="
        }
      ]
    },
    {
      "mode": "managed",
      "type": "aws_iam_role",
      "name": "github_actions_apply",
      "provider": "provider[\"registry.opentofu.org/hashicorp/aws\"]",
      "instances": [
        {
          "index_key": "production",
          "schema_version": 0,
          "attributes": {
            "arn": "arn:aws:iam::590183653510:role/django-commons-github-actions-apply",
            "assume_role_policy": "{\"Statement\":[{\"Action\":\"sts:AssumeRoleWithWebIdentity\",\"Condition\":{\"StringEquals\":{\"token.actions.githubusercontent.com:aud\":\"sts.amazonaws.com\",\"token.actions.githubusercontent.com:ref\":\"refs/heads/main\",\"token.actions.githubusercontent.com:sub\":\"repo:django-commons/membership:environment:production\"}},\"Effect\":\"Allow\",\"Principal\":{\"Federated\":\"arn:aws:iam::590183653510:oidc-provider/token.actions.githubusercontent.com\"}}],\"Version\":\"2012-10-17\"}",
            "create_date": "2026-09-07T14:24:50Z",
            "description": "",
            "force_detach_policies": false,
            "id": "django-commons-github-actions-apply",
            "inline_policy": [
              {
                "name": "terraform-state-access",
                "policy": "{\"Version\":\"2012-10-17\",\"Statement\":[{\"Action\":[\"s3:PutObject\",\"s3:GetObject\",\"s3:DeleteObject\"],\"Effect\":\"Allow\",\"Resource\":\"arn:aws:s3:::django-commons-tofu-state/*\"},{\"Action\":\"s3:ListBucket\",\"Effect\":\"Allow\",\"Resource\":\"arn:aws:s3:::django-commons-tofu-state\"},{\"Action\":[\"dynamodb:PutItem\",\"dynamodb:GetItem\",\"dynamodb:DescribeTable\",\"dynamodb:DeleteItem\"],\"Effect\":\"Allow\",\"Resource\":\"arn:aws:dynamodb:us-east-1:590183653510:table/django-commons-terraform-state-lock\"}]}"
              }
            ],
            "managed_policy_arns": [],
            "max_session_duration": 3600,
            "name": "django-commons-github-actions-apply",
            "name_prefix": "",
            "path": "/",
            "permissions_boundary": "",
            "tags": {},
            "tags_all": {},
            "unique_id": "AROAYS2NP4CDCMNHXJS5N"
          },
          "sensitive_attributes": [],
          "private": "bnVsbA==",
          "dependencies": [
            "aws_iam_openid_connect_provider.github_actions",
            "data.aws_iam_policy_document.github_actions_apply_assume_role"
          ]
        },
        {
          "index_key": "test",
          "schema_version": 0,
          "attributes": {
            "arn": "arn:aws:iam::590183653510:role/django-commons-test-github-actions-apply",
            "assume_role_policy": "{\"Statement\":[{\"Action\":\"sts:AssumeRoleWithWebIdentity\",\"Condition\":{\"StringEquals\":{\"token.actions.githubusercontent.com:aud\":\"sts.amazonaws.com\",\"token.actions.githubusercontent.com:ref\":\"refs/heads/main\",\"token.actions.githubusercontent.com:sub\":\"repo:django-commons-test/membership:environment:production\"}},\"Effect\":\"Allow\",\"Principal\":{\"Federated\":\"arn:aws:iam::590183653510:oidc-provider/token.actions.githubusercontent.com\"}}],\"Version\":\"2012-10-17\"}",
            "create_date": "2026-09-07T14:24:50Z",
            "description": "",
            "force_detach_policies": false,
            "id": "django-commons-test-github-actions-apply",
            "inline_policy": [
              {
                "name": "terraform-state-access",
                "policy": "{\"Version\":\"2012-10-17\",\"Statement\":[{\"Action\":[\"s3:PutObject\",\"s3:GetObject\",\"s3:DeleteObject\"],\"Effect\":\"Allow\",\"Resource\":\"arn:aws:s3:::django-commons-tofu-state/*\"},{\"Action\":\"s3:ListBucket\",\"Effect\":\"Allow\",\"Resource\":\"arn:aws:s3:::django-commons-tofu-state\"},{\"Action\":[\"dynamodb:PutItem\",\"dynamodb:GetItem\",\"dynamodb:DescribeTable\",\"dynamodb:DeleteItem\"],\"Effect\":\"Allow\",\"Resource\":\"arn:aws:dynamodb:us-east-1:590183653510:table/django-commons-terraform-state-lock\"}]}"
              }
            ],
            "managed_policy_arns": [],
            "max_session_duration": 3600,
            "name": "django-commons-test-github-actions-apply",
            "name_prefix": "",
            "path": "/",
            "permissions_boundary": "",
            "tags": {},
            "tags_all": {},
            "unique_id": "AROAYS2NP4CDPYE4IIF6M"
          },
          "sensitive_attributes": [],
          "private": "bnVsbA==",
          "dependencies": [
            "aws_iam_openid_connect_provider.github_actions",
            "data.aws_iam_policy_document.github_actions_apply_assume_role"
          ]
        }
      ]
    },
    {
      "mode": "managed",
      "type": "aws_iam_role",
      "name": "github_actions_plan",
      "provider": "provider[\"registry.opentofu.org/hashicorp/aws\"]",
      "instances": [
        {
          "index_key": "production",
          "schema_version": 0,
          "attributes": {
            "arn": "arn:aws:iam::590183653510:role/django-commons-github-actions-plan",
            "assume_role_policy": "{\"Statement\":[{\"Action\":\"sts:AssumeRoleWithWebIdentity\",\"Condition\":{\"StringEquals\":{\"token.actions.githubusercontent.com:aud\":\"sts.amazonaws.com\",\"token.actions.githubusercontent.com:sub\":\"repo:django-commons/membership:environment:production\"}},\"Effect\":\"Allow\",\"Principal\":{\"Federated\":\"arn:aws:iam::590183653510:oidc-provider/token.actions.githubusercontent.com\"}}],\"Version\":\"2012-10-17\"}",
            "create_date": "2026-09-07T14:24:50Z",
            "description": "",
            "force_detach_policies": false,
            "id": "django-commons-github-actions-plan",
            "inline_policy": [
              {
                "name": "terraform-state-read",
                "policy": "{\"Version\":\"2012-10-17\",\"Statement\":[{\"Action\":\"s3:GetObject\",\"Effect\":\"Allow\",\"Resource\":\"arn:aws:s3:::django-commons-tofu-state/*\"},{\"Action\":\"s3:ListBucket\",\"Effect\":\"Allow\",\"Resource\":\"arn:aws:s3:::django-commons-tofu-state\"},{\"Action\":[\"dynamodb:PutItem\",\"dynamodb:GetItem\",\"dynamodb:DescribeTable\",\"dynamodb:DeleteItem\"],\"Effect\":\"Allow\",\"Resource\":\"arn:aws:dynamodb:us-east-1:590183653510:table/django-commons-terraform-state-lock\"}]}"
              }
            ],
            "managed_policy_arns": [],
            "max_session_duration": 3600,
            "name": "django-commons-github-actions-plan",
            "name_prefix": "",
            "path": "/",
            "permissions_boundary": "",
            "tags": {},
            "tags_all": {},
            "unique_id": "AROAYS2NP4CDMLYRUMMUC"
          },
          "sensitive_attributes": [],
          "private": "bnVsbA==",
          "dependencies": [
            "aws_iam_openid_connect_provider.github_actions",
            "data.aws_iam_policy_document.github_actions_plan_assume_role"
          ]
        },
        {
          "index_key": "test",
          "schema_version": 0,
          "attributes": {
            "arn": "arn:aws:iam::590183653510:role/django-commons-test-github-actions-plan",
            "assume_role_policy": "{\"Statement\":[{\"Action\":\"sts:AssumeRoleWithWebIdentity\",\"Condition\":{\"StringEquals\":{\"token.actions.githubusercontent.com:aud\":\"sts.amazonaws.com\",\"token.actions.githubusercontent.com:sub\":\"repo:django-commons-test/membership:environment:production\"}},\"Effect\":\"Allow\",\"Principal\":{\"Federated\":\"arn:aws:iam::590183653510:oidc-provider/token.actions.githubusercontent.com\"}}],\"Version\":\"2012-10-17\"}",
            "create_date": "2026-09-07T14:24:50Z",
            "description": "",
            "force_detach_policies": false,
            "id": "django-commons-test-github-actions-plan",
            "inline_policy": [
              {
                "name": "terraform-state-read",
                "policy": "{\"Version\":\"2012-10-17\",\"Statement\":[{\"Action\":\"s3:GetObject\",\"Effect\":\"Allow\",\"Resource\":\"arn:aws:s3:::django-commons-tofu-state/*\"},{\"Action\":\"s3:ListBucket\",\"Effect\":\"Allow\",\"Resource\":\"arn:aws:s3:::django-commons-tofu-state\"},{\"Action\":[\"dynamodb:PutItem\",\"dynamodb:GetItem\",\"dynamodb:DescribeTable\",\"dynamodb:DeleteItem\"],\"Effect\":\"Allow\",\"Resource\":\"arn:aws:dynamodb:us-east-1:590183653510:table/django-commons-terraform-state-lock\"}]}"
              }
            ],
            "managed_policy_arns": [],
            "max_session_duration": 3600,
            "name": "django-commons-test-github-actions-plan",
            "name_prefix": "",
            "path": "/",
            "permissions_boundary": "",
            "tags": {},
            "tags_all": {},
            "unique_id": "AROAYS2NP4CDBU53C6GVM"
          },
          "sensitive_attributes": [],
          "private": "bnVsbA==",
          "dependencies": [
            "aws_iam_openid_connect_provider.github_actions",
            "data.aws_iam_policy_document.github_actions_plan_assume_role"
          ]
        }
      ]
    },
    {
      "mode": "managed",
      "type": "aws_iam_role_policy",
      "name": "github_actions_apply",
      "provider": "provider[\"registry.opentofu.org/hashicorp/aws\"]",
      "instances": [
        {
          "index_key": "production",
          "schema_version": 0,
          "attributes": {
            "id": "django-commons-github-actions-apply:terraform-state-access",
            "name": "terraform-state-access",
            "name_prefix": "",
            "policy": "{\"Version\":\"2012-10-17\",\"Statement\":[{\"Action\":[\"s3:PutObject\",\"s3:GetObject\",\"s3:DeleteObject\"],\"Effect\":\"Allow\",\"Resource\":\"arn:aws:s3:::django-commons-tofu-state/*\"},{\"Action\":\"s3:ListBucket\",\"Effect\":\"Allow\",\"Resource\":\"arn:aws:s3:::django-commons-tofu-state\"},{\"Action\":[\"dynamodb:PutItem\",\"dynamodb:GetItem\",\"dynamodb:DescribeTable\",\"dynamodb:DeleteItem\"],\"Effect\":\"Allow\",\"Resource\":\"arn:aws:dynamodb:us-east-1:590183653510:table/django-commons-tofu-state-lock\"}]}",
            "role": "django-commons-github-actions-apply"
          },
          "sensitive_attributes": [],
          "private": "bnVsbA==",
          "dependencies": [
            "aws_dynamodb_table.terraform_state_lock",
            "aws_iam_openid_connect_provider.github_actions",
            "aws_iam_role.github_actions_apply",
            "aws_s3_bucket.terraform_state",
            "data.aws_iam_policy_document.github_actions_apply_assume_role",
            "data.aws_iam_policy_document.terraform_state_access"
          ]
        },
        {
          "index_key": "test",
          "schema_version": 0,
          "attributes": {
            "id": "django-commons-test-github-actions-apply:terraform-state-access",
            "name": "terraform-state-access",
            "name_prefix": "",
            "policy": "{\"Version\":\"2012-10-17\",\"Statement\":[{\"Action\":[\"s3:PutObject\",\"s3:GetObject\",\"s3:DeleteObject\"],\"Effect\":\"Allow\",\"Resource\":\"arn:aws:s3:::django-commons-tofu-state/*\"},{\"Action\":\"s3:ListBucket\",\"Effect\":\"Allow\",\"Resource\":\"arn:aws:s3:::django-commons-tofu-state\"},{\"Action\":[\"dynamodb:PutItem\",\"dynamodb:GetItem\",\"dynamodb:DescribeTable\",\"dynamodb:DeleteItem\"],\"Effect\":\"Allow\",\"Resource\":\"arn:aws:dynamodb:us-east-1:590183653510:table/django-commons-tofu-state-lock\"}]}",
            "role": "django-commons-test-github-actions-apply"
          },
          "sensitive_attributes": [],
          "private": "bnVsbA==",
          "dependencies": [
            "aws_dynamodb_table.terraform_state_lock",
            "aws_iam_openid_connect_provider.github_actions",
            "aws_iam_role.github_actions_apply",
            "aws_s3_bucket.terraform_state",
            "data.aws_iam_policy_document.github_actions_apply_assume_role",
            "data.aws_iam_policy_document.terraform_state_access"
          ]
        }
      ]
    },
    {
      "mode": "managed",
      "type": "aws_iam_role_policy",
      "name": "github_actions_plan",
      "provider": "provider[\"registry.opentofu.org/hashicorp/aws\"]",
      "instances": [
        {
          "index_key": "production",
          "schema_version": 0,
          "attributes": {
            "id": "django-commons-github-actions-plan:terraform-state-read",
            "name": "terraform-state-read",
            "name_prefix": "",
            "policy": "{\"Version\":\"2012-10-17\",\"Statement\":[{\"Action\":\"s3:GetObject\",\"Effect\":\"Allow\",\"Resource\":\"arn:aws:s3:::django-commons-tofu-state/*\"},{\"Action\":\"s3:ListBucket\",\"Effect\":\"Allow\",\"Resource\":\"arn:aws:s3:::django-commons-tofu-state\"},{\"Action\":[\"dynamodb:PutItem\",\"dynamodb:GetItem\",\"dynamodb:DescribeTable\",\"dynamodb:DeleteItem\"],\"Effect\":\"Allow\",\"Resource\":\"arn:aws:dynamodb:us-east-1:590183653510:table/django-commons-tofu-state-lock\"}]}",
            "role": "django-commons-github-actions-plan"
          },
          "sensitive_attributes": [],
          "private": "bnVsbA==",
          "dependencies": [
            "aws_dynamodb_table.terraform_state_lock",
            "aws_iam_openid_connect_provider.github_actions",
            "aws_iam_role.github_actions_plan",
            "aws_s3_bucket.terraform_state",
            "data.aws_iam_policy_document.github_actions_plan_assume_role",
            "data.aws_iam_policy_document.terraform_state_read"
          ]
        },
        {
          "index_key": "test",
          "schema_version": 0,
          "attributes": {
            "id": "django-commons-test-github-actions-plan:terraform-state-read",
            "name": "terraform-state-read",
            "name_prefix": "",
            "policy": "{\"Version\":\"2012-10-17\",\"Statement\":[{\"Action\":\"s3:GetObject\",\"Effect\":\"Allow\",\"Resource\":\"arn:aws:s3:::django-commons-tofu-state/*\"},{\"Action\":\"s3:ListBucket\",\"Effect\":\"Allow\",\"Resource\":\"arn:aws:s3:::django-commons-tofu-state\"},{\"Action\":[\"dynamodb:PutItem\",\"dynamodb:GetItem\",\"dynamodb:DescribeTable\",\"dynamodb:DeleteItem\"],\"Effect\":\"Allow\",\"Resource\":\"arn:aws:dynamodb:us-east-1:590183653510:table/django-commons-tofu-state-lock\"}]}",
            "role": "django-commons-test-github-actions-plan"
          },
          "sensitive_attributes": [],
          "private": "bnVsbA==",
          "dependencies": [
            "aws_dynamodb_table.terraform_state_lock",
            "aws_iam_openid_connect_provider.github_actions",
            "aws_iam_role.github_actions_plan",
            "aws_s3_bucket.terraform_state",
            "data.aws_iam_policy_document.github_actions_plan_assume_role",
            "data.aws_iam_policy_document.terraform_state_read"
          ]
        }
      ]
    },
    {
      "mode": "managed",
      "type": "aws_identitystore_user",
      "name": "collaborators",
      "provider": "provider[\"registry.opentofu.org/hashicorp/aws\"]",
      "instances": [
        {
          "index_key": "briankohan",
          "schema_version": 0,
          "attributes": {
            "addresses": [],
            "display_name": "Brian Kohan",
            "emails": [
              {
                "primary": true,
                "type": "",
                "value": "bckohan@gmail.com"
              }
            ],
            "external_ids": [],
            "id": "d-9066764f0e/547864f8-e061-70a9-bd21-6eb5dcc41406",
            "identity_store_id": "d-9066764f0e",
            "locale": "",
            "name": [
              {
                "family_name": "Kohan",
                "formatted": "",
                "given_name": "Brian",
                "honorific_prefix": "",
                "honorific_suffix": "",
                "middle_name": ""
              }
            ],
            "nickname": "",
            "phone_numbers": [],
            "preferred_language": "",
            "profile_url": "",
            "timezone": "",
            "title": "",
            "user_id": "547864f8-e061-70a9-bd21-6eb5dcc41406",
            "user_name": "briankohan",
            "user_type": ""
          },
          "sensitive_attributes": [],
          "private": "bnVsbA==",
          "dependencies": [
            "data.aws_ssoadmin_instances.this"
          ]
        },
        {
          "index_key": "dakshjain",
          "schema_version": 0,
          "attributes": {
            "addresses": [],
            "display_name": "Daksh P. Jain",
            "emails": [
              {
                "primary": true,
                "type": "",
                "value": "jaindaksh42@gmail.com"
              }
            ],
            "external_ids": [],
            "id": "d-9066764f0e/147814a8-5041-7078-e374-9651ba3dd0ee",
            "identity_store_id": "d-9066764f0e",
            "locale": "",
            "name": [
              {
                "family_name": "Jain",
                "formatted": "",
                "given_name": "Daksh",
                "honorific_prefix": "",
                "honorific_suffix": "",
                "middle_name": ""
              }
            ],
            "nickname": "",
            "phone_numbers": [],
            "preferred_language": "",
            "profile_url": "",
            "timezone": "",
            "title": "",
            "user_id": "147814a8-5041-7078-e374-9651ba3dd0ee",
            "user_name": "dakshjain",
            "user_type": ""
          },
          "sensitive_attributes": [],
          "private": "bnVsbA==",
          "dependencies": [
            "data.aws_ssoadmin_instances.this"
          ]
        },
        {
          "index_key": "dsoftware",
          "schema_version": 0,
          "attributes": {
            "addresses": [],
            "display_name": "Daniel Moran",
            "emails": [
              {
                "primary": true,
                "type": "",
                "value": "daniel@moransoftware.ca"
              }
            ],
            "external_ids": [],
            "id": "d-9066764f0e/547854f8-1071-7042-c923-d6b53399fa35",
            "identity_store_id": "d-9066764f0e",
            "locale": "",
            "name": [
              {
                "family_name": "Moran",
                "formatted": "",
                "given_name": "Daniel",
                "honorific_prefix": "",
                "honorific_suffix": "",
                "middle_name": ""
              }
            ],
            "nickname": "",
            "phone_numbers": [],
            "preferred_language": "",
            "profile_url": "",
            "timezone": "",
            "title": "",
            "user_id": "547854f8-1071-7042-c923-d6b53399fa35",
            "user_name": "dsoftware",
            "user_type": ""
          },
          "sensitive_attributes": [],
          "private": "bnVsbA==",
          "dependencies": [
            "data.aws_ssoadmin_instances.this"
          ]
        },
        {
          "index_key": "mathildaudufo",
          "schema_version": 0,
          "attributes": {
            "addresses": [],
            "display_name": "Mathilda Udufo",
            "emails": [
              {
                "primary": true,
                "type": "",
                "value": "mathildaudufo@gmail.com"
              }
            ],
            "external_ids": [],
            "id": "d-9066764f0e/7468b468-e081-702c-c16d-3177666b79cf",
            "identity_store_id": "d-9066764f0e",
            "locale": "",
            "name": [
              {
                "family_name": "Udufo",
                "formatted": "",
                "given_name": "Mathilda",
                "honorific_prefix": "",
                "honorific_suffix": "",
                "middle_name": ""
              }
            ],
            "nickname": "",
            "phone_numbers": [],
            "preferred_language": "",
            "profile_url": "",
            "timezone": "",
            "title": "",
            "user_id": "7468b468-e081-702c-c16d-3177666b79cf",
            "user_name": "mathildaudufo",
            "user_type": ""
          },
          "sensitive_attributes": [],
          "private": "bnVsbA==",
          "dependencies": [
            "data.aws_ssoadmin_instances.this"
          ]
        },
        {
          "index_key": "ryancheley",
          "schema_version": 0,
          "attributes": {
            "addresses": [],
            "display_name": "Ryan Cheley",
            "emails": [
              {
                "primary": true,
                "type": "",
                "value": "rcheley@gmail.com"
              }
            ],
            "external_ids": [],
            "id": "d-9066764f0e/54484438-1051-70b5-0bf9-5383ec2dc513",
            "identity_store_id": "d-9066764f0e",
            "locale": "",
            "name": [
              {
                "family_name": "Cheley",
                "formatted": "",
                "given_name": "Ryan",
                "honorific_prefix": "",
                "honorific_suffix": "",
                "middle_name": ""
              }
            ],
            "nickname": "",
            "phone_numbers": [],
            "preferred_language": "",
            "profile_url": "",
            "timezone": "",
            "title": "",
            "user_id": "54484438-1051-70b5-0bf9-5383ec2dc513",
            "user_name": "ryancheley",
            "user_type": ""
          },
          "sensitive_attributes": [],
          "private": "bnVsbA==",
          "dependencies": [
            "data.aws_ssoadmin_instances.this"
          ]
        },
        {
          "index_key": "timschilling",
          "schema_version": 0,
          "attributes": {
            "addresses": [],
            "display_name": "Tim Schilling",
            "emails": [
              {
                "primary": true,
                "type": "",
                "value": "schillingt@better-simple.com"
              }
            ],
            "external_ids": [],
            "id": "d-9066764f0e/6478c4b8-3021-70b7-95e1-69cd26ff22d5",
            "identity_store_id": "d-9066764f0e",
            "locale": "",
            "name": [
              {
                "family_name": "Schilling",
                "formatted": "",
                "given_name": "Tim",
                "honorific_prefix": "",
                "honorific_suffix": "",
                "middle_name": ""
              }
            ],
            "nickname": "",
            "phone_numbers": [],
            "preferred_language": "",
            "profile_url": "",
            "timezone": "",
            "title": "",
            "user_id": "6478c4b8-3021-70b7-95e1-69cd26ff22d5",
            "user_name": "timschilling",
            "user_type": ""
          },
          "sensitive_attributes": [],
          "private": "bnVsbA==",
          "dependencies": [
            "data.aws_ssoadmin_instances.this"
          ]
        }
      ]
    },
    {
      "mode": "managed",
      "type": "aws_s3_bucket",
      "name": "terraform_state",
      "provider": "provider[\"registry.opentofu.org/hashicorp/aws\"]",
      "instances": [
        {
          "schema_version": 0,
          "attributes": {
            "acceleration_status": "",
            "acl": null,
            "arn": "arn:aws:s3:::django-commons-tofu-state",
            "bucket": "django-commons-tofu-state",
            "bucket_domain_name": "django-commons-tofu-state.s3.amazonaws.com",
            "bucket_prefix": "",
            "bucket_regional_domain_name": "django-commons-tofu-state.s3.us-east-1.amazonaws.com",
            "cors_rule": [],
            "force_destroy": false,
            "grant": [
              {
                "id": "81ed5c9945bdd3a9275e334cb34f4cc28bbf3d818e96375d647181a2c6be5152",
                "permissions": [
                  "FULL_CONTROL"
                ],
                "type": "CanonicalUser",
                "uri": ""
              }
            ],
            "hosted_zone_id": "Z3AQBSTGFYJSTF",
            "id": "django-commons-tofu-state",
            "lifecycle_rule": [],
            "logging": [],
            "object_lock_configuration": [],
            "object_lock_enabled": false,
            "policy": "",
            "region": "us-east-1",
            "replication_configuration": [],
            "request_payer": "BucketOwner",
            "server_side_encryption_configuration": [
              {
                "rule": [
                  {
                    "apply_server_side_encryption_by_default": [
                      {
                        "kms_master_key_id": "",
                        "sse_algorithm": "AES256"
                      }
                    ],
                    "bucket_key_enabled": false
                  }
                ]
              }
            ],
            "tags": {},
            "tags_all": {},
            "timeouts": null,
            "versioning": [
              {
                "enabled": true,
                "mfa_delete": false
              }
            ],
            "website": [],
            "website_domain": null,
            "website_endpoint": null
          },
          "sensitive_attributes": [],
          "private": "eyJlMmJmYjczMC1lY2FhLTExZTYtOGY4OC0zNDM2M2JjN2M0YzAiOnsiY3JlYXRlIjoxMjAwMDAwMDAwMDAwLCJkZWxldGUiOjM2MDAwMDAwMDAwMDAsInJlYWQiOjEyMDAwMDAwMDAwMDAsInVwZGF0ZSI6MTIwMDAwMDAwMDAwMH19"
        }
      ]
    },
    {
      "mode": "managed",
      "type": "aws_s3_bucket_public_access_block",
      "name": "terraform_state",
      "provider": "provider[\"registry.opentofu.org/hashicorp/aws\"]",
      "instances": [
        {
          "schema_version": 0,
          "attributes": {
            "block_public_acls": true,
            "block_public_policy": true,
            "bucket": "django-commons-tofu-state",
            "id": "django-commons-tofu-state",
            "ignore_public_acls": true,
            "restrict_public_buckets": true
          },
          "sensitive_attributes": [],
          "private": "bnVsbA==",
          "dependencies": [
            "aws_s3_bucket.terraform_state"
          ]
        }
      ]
    },
    {
      "mode": "managed",
      "type": "aws_s3_bucket_server_side_encryption_configuration",
      "name": "terraform_state",
      "provider": "provider[\"registry.opentofu.org/hashicorp/aws\"]",
      "instances": [
        {
          "schema_version": 0,
          "attributes": {
            "bucket": "django-commons-tofu-state",
            "expected_bucket_owner": "",
            "id": "django-commons-tofu-state",
            "rule": [
              {
                "apply_server_side_encryption_by_default": [
                  {
                    "kms_master_key_id": "",
                    "sse_algorithm": "AES256"
                  }
                ],
                "bucket_key_enabled": false
              }
            ]
          },
          "sensitive_attributes": [],
          "private": "bnVsbA==",
          "dependencies": [
            "aws_s3_bucket.terraform_state"
          ]
        }
      ]
    },
    {
      "mode": "managed",
      "type": "aws_s3_bucket_versioning",
      "name": "terraform_state",
      "provider": "provider[\"registry.opentofu.org/hashicorp/aws\"]",
      "instances": [
        {
          "schema_version": 0,
          "attributes": {
            "bucket": "django-commons-tofu-state",
            "expected_bucket_owner": "",
            "id": "django-commons-tofu-state",
            "mfa": null,
            "versioning_configuration": [
              {
                "mfa_delete": "",
                "status": "Enabled"
              }
            ]
          },
          "sensitive_attributes": [],
          "private": "bnVsbA==",
          "dependencies": [
            "aws_s3_bucket.terraform_state"
          ]
        }
      ]
    },
    {
      "mode": "managed",
      "type": "aws_ssoadmin_account_assignment",
      "name": "collaborators",
      "provider": "provider[\"registry.opentofu.org/hashicorp/aws\"]",
      "instances": [
        {
          "index_key": "briankohan",
          "schema_version": 0,
          "attributes": {
            "id": "547864f8-e061-70a9-bd21-6eb5dcc41406,USER,590183653510,AWS_ACCOUNT,arn:aws:sso:::permissionSet/ssoins-72231372e4d615dc/ps-7223b35844d34a01,arn:aws:sso:::instance/ssoins-72231372e4d615dc",
            "instance_arn": "arn:aws:sso:::instance/ssoins-72231372e4d615dc",
            "permission_set_arn": "arn:aws:sso:::permissionSet/ssoins-72231372e4d615dc/ps-7223b35844d34a01",
            "principal_id": "547864f8-e061-70a9-bd21-6eb5dcc41406",
            "principal_type": "USER",
            "target_id": "590183653510",
            "target_type": "AWS_ACCOUNT",
            "timeouts": null
          },
          "sensitive_attributes": [],
          "private": "eyJlMmJmYjczMC1lY2FhLTExZTYtOGY4OC0zNDM2M2JjN2M0YzAiOnsiY3JlYXRlIjozMDAwMDAwMDAwMDAsImRlbGV0ZSI6MzAwMDAwMDAwMDAwfX0=",
          "dependencies": [
            "aws_identitystore_user.collaborators",
            "aws_ssoadmin_permission_set.terraform_state",
            "data.aws_caller_identity.current",
            "data.aws_ssoadmin_instances.this"
          ]
        },
        {
          "index_key": "dakshjain",
          "schema_version": 0,
          "attributes": {
            "id": "147814a8-5041-7078-e374-9651ba3dd0ee,USER,590183653510,AWS_ACCOUNT,arn:aws:sso:::permissionSet/ssoins-72231372e4d615dc/ps-7223b35844d34a01,arn:aws:sso:::instance/ssoins-72231372e4d615dc",
            "instance_arn": "arn:aws:sso:::instance/ssoins-72231372e4d615dc",
            "permission_set_arn": "arn:aws:sso:::permissionSet/ssoins-72231372e4d615dc/ps-7223b35844d34a01",
            "principal_id": "147814a8-5041-7078-e374-9651ba3dd0ee",
            "principal_type": "USER",
            "target_id": "590183653510",
            "target_type": "AWS_ACCOUNT",
            "timeouts": null
          },
          "sensitive_attributes": [],
          "private": "eyJlMmJmYjczMC1lY2FhLTExZTYtOGY4OC0zNDM2M2JjN2M0YzAiOnsiY3JlYXRlIjozMDAwMDAwMDAwMDAsImRlbGV0ZSI6MzAwMDAwMDAwMDAwfX0=",
          "dependencies": [
            "aws_identitystore_user.collaborators",
            "aws_ssoadmin_permission_set.terraform_state",
            "data.aws_caller_identity.current",
            "data.aws_ssoadmin_instances.this"
          ]
        },
        {
          "index_key": "dsoftware",
          "schema_version": 0,
          "attributes": {
            "id": "547854f8-1071-7042-c923-d6b53399fa35,USER,590183653510,AWS_ACCOUNT,arn:aws:sso:::permissionSet/ssoins-72231372e4d615dc/ps-7223b35844d34a01,arn:aws:sso:::instance/ssoins-72231372e4d615dc",
            "instance_arn": "arn:aws:sso:::instance/ssoins-72231372e4d615dc",
            "permission_set_arn": "arn:aws:sso:::permissionSet/ssoins-72231372e4d615dc/ps-7223b35844d34a01",
            "principal_id": "547854f8-1071-7042-c923-d6b53399fa35",
            "principal_type": "USER",
            "target_id": "590183653510",
            "target_type": "AWS_ACCOUNT",
            "timeouts": null
          },
          "sensitive_attributes": [],
          "private": "eyJlMmJmYjczMC1lY2FhLTExZTYtOGY4OC0zNDM2M2JjN2M0YzAiOnsiY3JlYXRlIjozMDAwMDAwMDAwMDAsImRlbGV0ZSI6MzAwMDAwMDAwMDAwfX0=",
          "dependencies": [
            "aws_identitystore_user.collaborators",
            "aws_ssoadmin_permission_set.terraform_state",
            "data.aws_caller_identity.current",
            "data.aws_ssoadmin_instances.this"
          ]
        },
        {
          "index_key": "mathildaudufo",
          "schema_version": 0,
          "attributes": {
            "id": "7468b468-e081-702c-c16d-3177666b79cf,USER,590183653510,AWS_ACCOUNT,arn:aws:sso:::permissionSet/ssoins-72231372e4d615dc/ps-7223b35844d34a01,arn:aws:sso:::instance/ssoins-72231372e4d615dc",
            "instance_arn": "arn:aws:sso:::instance/ssoins-72231372e4d615dc",
            "permission_set_arn": "arn:aws:sso:::permissionSet/ssoins-72231372e4d615dc/ps-7223b35844d34a01",
            "principal_id": "7468b468-e081-702c-c16d-3177666b79cf",
            "principal_type": "USER",
            "target_id": "590183653510",
            "target_type": "AWS_ACCOUNT",
            "timeouts": null
          },
          "sensitive_attributes": [],
          "private": "eyJlMmJmYjczMC1lY2FhLTExZTYtOGY4OC0zNDM2M2JjN2M0YzAiOnsiY3JlYXRlIjozMDAwMDAwMDAwMDAsImRlbGV0ZSI6MzAwMDAwMDAwMDAwfX0=",
          "dependencies": [
            "aws_identitystore_user.collaborators",
            "aws_ssoadmin_permission_set.terraform_state",
            "data.aws_caller_identity.current",
            "data.aws_ssoadmin_instances.this"
          ]
        },
        {
          "index_key": "ryancheley",
          "schema_version": 0,
          "attributes": {
            "id": "54484438-1051-70b5-0bf9-5383ec2dc513,USER,590183653510,AWS_ACCOUNT,arn:aws:sso:::permissionSet/ssoins-72231372e4d615dc/ps-7223b35844d34a01,arn:aws:sso:::instance/ssoins-72231372e4d615dc",
            "instance_arn": "arn:aws:sso:::instance/ssoins-72231372e4d615dc",
            "permission_set_arn": "arn:aws:sso:::permissionSet/ssoins-72231372e4d615dc/ps-7223b35844d34a01",
            "principal_id": "54484438-1051-70b5-0bf9-5383ec2dc513",
            "principal_type": "USER",
            "target_id": "590183653510",
            "target_type": "AWS_ACCOUNT",
            "timeouts": null
          },
          "sensitive_attributes": [],
          "private": "eyJlMmJmYjczMC1lY2FhLTExZTYtOGY4OC0zNDM2M2JjN2M0YzAiOnsiY3JlYXRlIjozMDAwMDAwMDAwMDAsImRlbGV0ZSI6MzAwMDAwMDAwMDAwfX0=",
          "dependencies": [
            "aws_identitystore_user.collaborators",
            "aws_ssoadmin_permission_set.terraform_state",
            "data.aws_caller_identity.current",
            "data.aws_ssoadmin_instances.this"
          ]
        },
        {
          "index_key": "timschilling",
          "schema_version": 0,
          "attributes": {
            "id": "6478c4b8-3021-70b7-95e1-69cd26ff22d5,USER,590183653510,AWS_ACCOUNT,arn:aws:sso:::permissionSet/ssoins-72231372e4d615dc/ps-7223b35844d34a01,arn:aws:sso:::instance/ssoins-72231372e4d615dc",
            "instance_arn": "arn:aws:sso:::instance/ssoins-72231372e4d615dc",
            "permission_set_arn": "arn:aws:sso:::permissionSet/ssoins-72231372e4d615dc/ps-7223b35844d34a01",
            "principal_id": "6478c4b8-3021-70b7-95e1-69cd26ff22d5",
            "principal_type": "USER",
            "target_id": "590183653510",
            "target_type": "AWS_ACCOUNT",
            "timeouts": null
          },
          "sensitive_attributes": [],
          "private": "eyJlMmJmYjczMC1lY2FhLTExZTYtOGY4OC0zNDM2M2JjN2M0YzAiOnsiY3JlYXRlIjozMDAwMDAwMDAwMDAsImRlbGV0ZSI6MzAwMDAwMDAwMDAwfX0=",
          "dependencies": [
            "aws_identitystore_user.collaborators",
            "aws_ssoadmin_permission_set.terraform_state",
            "data.aws_caller_identity.current",
            "data.aws_ssoadmin_instances.this"
          ]
        }
      ]
    },
    {
      "mode": "managed",
      "type": "aws_ssoadmin_permission_set",
      "name": "terraform_state",
      "provider": "provider[\"registry.opentofu.org/hashicorp/aws\"]",
      "instances": [
        {
          "schema_version": 0,
          "attributes": {
            "arn": "arn:aws:sso:::permissionSet/ssoins-72231372e4d615dc/ps-7223b35844d34a01",
            "created_date": "2026-09-07T14:24:50Z",
            "description": "Read/write access to django-commons Terraform state",
            "id": "arn:aws:sso:::permissionSet/ssoins-72231372e4d615dc/ps-7223b35844d34a01,arn:aws:sso:::instance/ssoins-72231372e4d615dc",
            "instance_arn": "arn:aws:sso:::instance/ssoins-72231372e4d615dc",
            "name": "TerraformStateAccess",
            "relay_state": "",
            "session_duration": "PT8H",
            "tags": {},
            "tags_all": {},
            "timeouts": null
          },
          "sensitive_attributes": [],
          "private": "eyJlMmJmYjczMC1lY2FhLTExZTYtOGY4OC0zNDM2M2JjN2M0YzAiOnsidXBkYXRlIjo2MDAwMDAwMDAwMDB9fQ==",
          "dependencies": [
            "data.aws_ssoadmin_instances.this"
          ]
        }
      ]
    },
    {
      "mode": "managed",
      "type": "aws_ssoadmin_permission_set_inline_policy",
      "name": "terraform_state",
      "provider": "provider[\"registry.opentofu.org/hashicorp/aws\"]",
      "instances": [
        {
          "schema_version": 0,
          "attributes": {
            "id": "arn:aws:sso:::permissionSet/ssoins-72231372e4d615dc/ps-7223b35844d34a01,arn:aws:sso:::instance/ssoins-72231372e4d615dc",
            "inline_policy": "{\"Statement\":[{\"Action\":[\"s3:PutObject\",\"s3:GetObject\",\"s3:DeleteObject\"],\"Effect\":\"Allow\",\"Resource\":\"arn:aws:s3:::django-commons-tofu-state/*\"},{\"Action\":\"s3:ListBucket\",\"Effect\":\"Allow\",\"Resource\":\"arn:aws:s3:::django-commons-tofu-state\"},{\"Action\":[\"dynamodb:PutItem\",\"dynamodb:GetItem\",\"dynamodb:DescribeTable\",\"dynamodb:DeleteItem\"],\"Effect\":\"Allow\",\"Resource\":\"arn:aws:dynamodb:us-east-1:590183653510:table/django-commons-tofu-state-lock\"}],\"Version\":\"2012-10-17\"}",
            "instance_arn": "arn:aws:sso:::instance/ssoins-72231372e4d615dc",
            "permission_set_arn": "arn:aws:sso:::permissionSet/ssoins-72231372e4d615dc/ps-7223b35844d34a01",
            "timeouts": null
          },
          "sensitive_attributes": [],
          "private": "eyJlMmJmYjczMC1lY2FhLTExZTYtOGY4OC0zNDM2M2JjN2M0YzAiOnsiY3JlYXRlIjo2MDAwMDAwMDAwMDAsImRlbGV0ZSI6NjAwMDAwMDAwMDAwfX0=",
          "dependencies": [
            "aws_dynamodb_table.terraform_state_lock",
            "aws_s3_bucket.terraform_state",
            "aws_ssoadmin_permission_set.terraform_state",
            "data.aws_iam_policy_document.terraform_state_access",
            "data.aws_ssoadmin_instances.this"
          ]
        }
      ]
    }
  ],
  "check_results": null
}

